{
	"name": "tools",
	"lockfileVersion": 2,
	"requires": true,
	"packages": {
		"": {
			"devDependencies": {
				"editorconfig-checker": "5.1.4"
			}
		},
		"node_modules/editorconfig-checker": {
			"version": "5.1.4",
			"resolved": "https://registry.npmjs.org/editorconfig-checker/-/editorconfig-checker-5.1.4.tgz",
			"integrity": "sha512-sohB6Tit45ISh47CK0AULksnLIwEIEDn9bPqVnrvoKZSG3cI39JOlaHcMMbADFN0fOGoNdELg4ryc6OYjkwtaQ==",
			"dev": true,
			"bin": {
				"ec": "dist/index.js",
				"editorconfig-checker": "dist/index.js"
			},
			"engines": {
				"node": ">=18.0.0"
			},
			"funding": {
				"type": "buymeacoffee",
				"url": "https://www.buymeacoffee.com/mstruebing"
			}
		}
	},
	"dependencies": {
		"editorconfig-checker": {
			"version": "5.1.4",
			"resolved": "https://registry.npmjs.org/editorconfig-checker/-/editorconfig-checker-5.1.4.tgz",
			"integrity": "sha512-sohB6Tit45ISh47CK0AULksnLIwEIEDn9bPqVnrvoKZSG3cI39JOlaHcMMbADFN0fOGoNdELg4ryc6OYjkwtaQ==",
			"dev": true
		}
	}
}
