{
	"name": "tools",
	"lockfileVersion": 2,
	"requires": true,
	"packages": {
		"": {
			"devDependencies": {
				"editorconfig-checker": "5.1.2"
			}
		},
		"node_modules/editorconfig-checker": {
			"version": "5.1.2",
			"resolved": "https://registry.npmjs.org/editorconfig-checker/-/editorconfig-checker-5.1.2.tgz",
			"integrity": "sha512-HQfoRpRWJu3OS0+sn2qaX/U7TM0zjT+ANY2HH3wkBkd5INJDI5t6toY+JshYmhfXqX7luDndFwNV7f5e9Kmb7A==",
			"dev": true,
			"bin": {
				"ec": "dist/index.js",
				"editorconfig-checker": "dist/index.js"
			},
			"engines": {
				"node": ">=18.0.0"
			},
			"funding": {
				"type": "buymeacoffee",
				"url": "https://www.buymeacoffee.com/mstruebing"
			}
		}
	},
	"dependencies": {
		"editorconfig-checker": {
			"version": "5.1.2",
			"resolved": "https://registry.npmjs.org/editorconfig-checker/-/editorconfig-checker-5.1.2.tgz",
			"integrity": "sha512-HQfoRpRWJu3OS0+sn2qaX/U7TM0zjT+ANY2HH3wkBkd5INJDI5t6toY+JshYmhfXqX7luDndFwNV7f5e9Kmb7A==",
			"dev": true
		}
	}
}
