{
	"name": "tools",
	"lockfileVersion": 2,
	"requires": true,
	"packages": {
		"": {
			"devDependencies": {
				"editorconfig-checker": "5.1.0"
			}
		},
		"node_modules/editorconfig-checker": {
			"version": "5.1.0",
			"resolved": "https://registry.npmjs.org/editorconfig-checker/-/editorconfig-checker-5.1.0.tgz",
			"integrity": "sha512-oC1/DTQm/hEn24nA3HXT4KCLMcKzU9aHNJzfKirHZcTt9nE0rkL26uer1fLrquz4ED4SL/vIFwBhMl8O8JNLdQ==",
			"dev": true,
			"bin": {
				"ec": "dist/index.js",
				"editorconfig-checker": "dist/index.js"
			},
			"engines": {
				"node": "^18.0.0"
			},
			"funding": {
				"type": "buymeacoffee",
				"url": "https://www.buymeacoffee.com/mstruebing"
			}
		}
	},
	"dependencies": {
		"editorconfig-checker": {
			"version": "5.1.0",
			"resolved": "https://registry.npmjs.org/editorconfig-checker/-/editorconfig-checker-5.1.0.tgz",
			"integrity": "sha512-oC1/DTQm/hEn24nA3HXT4KCLMcKzU9aHNJzfKirHZcTt9nE0rkL26uer1fLrquz4ED4SL/vIFwBhMl8O8JNLdQ==",
			"dev": true
		}
	}
}
